<?xml version="1.0" encoding="utf-8"?>
<Project ToolsVersion="4.0" xmlns="http://schemas.microsoft.com/developer/msbuild/2003">
  <ItemGroup>
    <ClCompile Include="WinMain.cpp" />
    <ClCompile Include="Source\Crystal.cpp">
      <Filter>Source</Filter>
    </ClCompile>
    <ClCompile Include="Source\Miner.cpp">
      <Filter>Source</Filter>
    </ClCompile>
    <ClCompile Include="Source\VisualSensor.cpp">
      <Filter>Source</Filter>
    </ClCompile>
    <ClCompile Include="Source\BadGuy.cpp">
      <Filter>Source</Filter>
    </ClCompile>
  </ItemGroup>
  <ItemGroup>
    <Filter Include="Header">
      <UniqueIdentifier>{31bdf4bb-09da-4d1a-9c41-745a01827ac3}</UniqueIdentifier>
    </Filter>
    <Filter Include="Source">
      <UniqueIdentifier>{c633395e-e993-4a45-af83-0f48243b5a7f}</UniqueIdentifier>
    </Filter>
  </ItemGroup>
  <ItemGroup>
    <ClInclude Include="Source\TypeIDs.h">
      <Filter>Header</Filter>
    </ClInclude>
    <ClInclude Include="Source\Crystal.h">
      <Filter>Header</Filter>
    </ClInclude>
    <ClInclude Include="Source\Miner.h">
      <Filter>Header</Filter>
    </ClInclude>
    <ClInclude Include="Source\MinerStates.h">
      <Filter>Header</Filter>
    </ClInclude>
    <ClInclude Include="Source\VisualSensor.h">
      <Filter>Header</Filter>
    </ClInclude>
    <ClInclude Include="Source\BadGuy.h">
      <Filter>Header</Filter>
    </ClInclude>
    <ClInclude Include="Source\BadGuyStates.h">
      <Filter>Header</Filter>
    </ClInclude>
  </ItemGroup>
</Project>